
Microsoft Visual Studio Solution File, Format Version 12.00
# Visual Studio Version 16
VisualStudioVersion = 16.0.30523.141
MinimumVisualStudioVersion = 10.0.40219.1
Project("{9A19103F-16F7-4668-BE54-9A1E7A4F7556}") = "L01_IntroductionToEFCore_HW1", "L01_IntroductionToEFCore_HW1\L01_IntroductionToEFCore_HW1.csproj", "{C43065A0-7E0F-4DE8-997A-C29DF1C6E619}"
EndProject
Project("{9A19103F-16F7-4668-BE54-9A1E7A4F7556}") = "L01_IntroductionToEFCore_HW2", "L01_IntroductionToEFCore_HW2\L01_IntroductionToEFCore_HW2.csproj", "{706CED2D-5EEB-4A74-8CFE-D296F5C72DBD}"
EndProject
Project("{9A19103F-16F7-4668-BE54-9A1E7A4F7556}") = "L02_FluentAPIAndDataAnnotations_HW1", "L02_FluentAPIAndDataAnnotations_HW1\L02_FluentAPIAndDataAnnotations_HW1.csproj", "{25A914B8-C59E-4CA8-AA0B-AFD91830DE84}"
EndProject
Project("{9A19103F-16F7-4668-BE54-9A1E7A4F7556}") = "L02_FluentAPIAndDataAnnotations_HW2", "L02_FluentAPIAndDataAnnotations_HW2\L02_FluentAPIAndDataAnnotations_HW2.csproj", "{A1360402-915D-4C00-84CE-2E4493F79713}"
EndProject
Project("{9A19103F-16F7-4668-BE54-9A1E7A4F7556}") = "L03_RelationshipsBetweenModels_HW1", "L03_RelationshipsBetweenModels_HW1\L03_RelationshipsBetweenModels_HW1.csproj", "{B0C497EE-09B5-49AD-ABE5-BDF453FC163D}"
EndProject
Project("{9A19103F-16F7-4668-BE54-9A1E7A4F7556}") = "L03_RelationshipsBetweenModels_HW2", "L03_RelationshipsBetweenModels_HW2\L03_RelationshipsBetweenModels_HW2.csproj", "{0E351F7D-C954-452F-8602-9239A672B135}"
EndProject
Project("{FAE04EC0-301F-11D3-BF4B-00C04F79EFBC}") = "L04_LinqToEntities_HW", "L04_LinqToEntities_HW\L04_LinqToEntities_HW.csproj", "{265A6EC6-9881-4115-8122-B3805DCDE4D2}"
EndProject
Global
	GlobalSection(SolutionConfigurationPlatforms) = preSolution
		Debug|Any CPU = Debug|Any CPU
		Release|Any CPU = Release|Any CPU
	EndGlobalSection
	GlobalSection(ProjectConfigurationPlatforms) = postSolution
		{C43065A0-7E0F-4DE8-997A-C29DF1C6E619}.Debug|Any CPU.ActiveCfg = Debug|Any CPU
		{C43065A0-7E0F-4DE8-997A-C29DF1C6E619}.Debug|Any CPU.Build.0 = Debug|Any CPU
		{C43065A0-7E0F-4DE8-997A-C29DF1C6E619}.Release|Any CPU.ActiveCfg = Release|Any CPU
		{C43065A0-7E0F-4DE8-997A-C29DF1C6E619}.Release|Any CPU.Build.0 = Release|Any CPU
		{706CED2D-5EEB-4A74-8CFE-D296F5C72DBD}.Debug|Any CPU.ActiveCfg = Debug|Any CPU
		{706CED2D-5EEB-4A74-8CFE-D296F5C72DBD}.Debug|Any CPU.Build.0 = Debug|Any CPU
		{706CED2D-5EEB-4A74-8CFE-D296F5C72DBD}.Release|Any CPU.ActiveCfg = Release|Any CPU
		{706CED2D-5EEB-4A74-8CFE-D296F5C72DBD}.Release|Any CPU.Build.0 = Release|Any CPU
		{25A914B8-C59E-4CA8-AA0B-AFD91830DE84}.Debug|Any CPU.ActiveCfg = Debug|Any CPU
		{25A914B8-C59E-4CA8-AA0B-AFD91830DE84}.Debug|Any CPU.Build.0 = Debug|Any CPU
		{25A914B8-C59E-4CA8-AA0B-AFD91830DE84}.Release|Any CPU.ActiveCfg = Release|Any CPU
		{25A914B8-C59E-4CA8-AA0B-AFD91830DE84}.Release|Any CPU.Build.0 = Release|Any CPU
		{A1360402-915D-4C00-84CE-2E4493F79713}.Debug|Any CPU.ActiveCfg = Debug|Any CPU
		{A1360402-915D-4C00-84CE-2E4493F79713}.Debug|Any CPU.Build.0 = Debug|Any CPU
		{A1360402-915D-4C00-84CE-2E4493F79713}.Release|Any CPU.ActiveCfg = Release|Any CPU
		{A1360402-915D-4C00-84CE-2E4493F79713}.Release|Any CPU.Build.0 = Release|Any CPU
		{B0C497EE-09B5-49AD-ABE5-BDF453FC163D}.Debug|Any CPU.ActiveCfg = Debug|Any CPU
		{B0C497EE-09B5-49AD-ABE5-BDF453FC163D}.Debug|Any CPU.Build.0 = Debug|Any CPU
		{B0C497EE-09B5-49AD-ABE5-BDF453FC163D}.Release|Any CPU.ActiveCfg = Release|Any CPU
		{B0C497EE-09B5-49AD-ABE5-BDF453FC163D}.Release|Any CPU.Build.0 = Release|Any CPU
		{0E351F7D-C954-452F-8602-9239A672B135}.Debug|Any CPU.ActiveCfg = Debug|Any CPU
		{0E351F7D-C954-452F-8602-9239A672B135}.Debug|Any CPU.Build.0 = Debug|Any CPU
		{0E351F7D-C954-452F-8602-9239A672B135}.Release|Any CPU.ActiveCfg = Release|Any CPU
		{0E351F7D-C954-452F-8602-9239A672B135}.Release|Any CPU.Build.0 = Release|Any CPU
		{265A6EC6-9881-4115-8122-B3805DCDE4D2}.Debug|Any CPU.ActiveCfg = Debug|Any CPU
		{265A6EC6-9881-4115-8122-B3805DCDE4D2}.Debug|Any CPU.Build.0 = Debug|Any CPU
		{265A6EC6-9881-4115-8122-B3805DCDE4D2}.Release|Any CPU.ActiveCfg = Release|Any CPU
		{265A6EC6-9881-4115-8122-B3805DCDE4D2}.Release|Any CPU.Build.0 = Release|Any CPU
	EndGlobalSection
	GlobalSection(SolutionProperties) = preSolution
		HideSolutionNode = FALSE
	EndGlobalSection
	GlobalSection(ExtensibilityGlobals) = postSolution
		SolutionGuid = {3B624DA9-6FE8-4725-B42B-5B54BB05AEB6}
	EndGlobalSection
EndGlobal
